
Microsoft Visual Studio Solution File, Format Version 12.00
# Visual Studio Version 16
VisualStudioVersion = 16.0.31729.503
MinimumVisualStudioVersion = 10.0.40219.1
Project("{FAE04EC0-301F-11D3-BF4B-00C04F79EFBC}") = "Module5", "Module5.csproj", "{D9345707-0FC4-49AB-8A3F-2FBB96F45634}"
EndProject
Project("{FAE04EC0-301F-11D3-BF4B-00C04F79EFBC}") = "Module5.Data", "..\Module5.Data\Module5.Data.csproj", "{31F1858C-EF52-472A-B056-48EAD7193193}"
EndProject
Global
	GlobalSection(SolutionConfigurationPlatforms) = preSolution
		Debug|Any CPU = Debug|Any CPU
		Release|Any CPU = Release|Any CPU
	EndGlobalSection
	GlobalSection(ProjectConfigurationPlatforms) = postSolution
		{D9345707-0FC4-49AB-8A3F-2FBB96F45634}.Debug|Any CPU.ActiveCfg = Debug|Any CPU
		{D9345707-0FC4-49AB-8A3F-2FBB96F45634}.Debug|Any CPU.Build.0 = Debug|Any CPU
		{D9345707-0FC4-49AB-8A3F-2FBB96F45634}.Release|Any CPU.ActiveCfg = Release|Any CPU
		{D9345707-0FC4-49AB-8A3F-2FBB96F45634}.Release|Any CPU.Build.0 = Release|Any CPU
		{31F1858C-EF52-472A-B056-48EAD7193193}.Debug|Any CPU.ActiveCfg = Debug|Any CPU
		{31F1858C-EF52-472A-B056-48EAD7193193}.Debug|Any CPU.Build.0 = Debug|Any CPU
		{31F1858C-EF52-472A-B056-48EAD7193193}.Release|Any CPU.ActiveCfg = Release|Any CPU
		{31F1858C-EF52-472A-B056-48EAD7193193}.Release|Any CPU.Build.0 = Release|Any CPU
	EndGlobalSection
	GlobalSection(SolutionProperties) = preSolution
		HideSolutionNode = FALSE
	EndGlobalSection
	GlobalSection(ExtensibilityGlobals) = postSolution
		SolutionGuid = {C8D63953-523C-43EB-8B78-DBC803A1E21C}
	EndGlobalSection
EndGlobal
